// !$*UTF8*$!
{
	archiveVersion = 1;
	classes = {
	};
	objectVersion = 46;
	objects = {

/* Begin PBXBuildFile section */
		B301143E1CF8927600233B01 /* AppDelegate.swift in Sources */ = {isa = PBXBuildFile; fileRef = B301143D1CF8927600233B01 /* AppDelegate.swift */; };
		B30114401CF8927600233B01 /* ViewController.swift in Sources */ = {isa = PBXBuildFile; fileRef = B301143F1CF8927600233B01 /* ViewController.swift */; };
		B30114431CF8927600233B01 /* Main.storyboard in Resources */ = {isa = PBXBuildFile; fileRef = B30114411CF8927600233B01 /* Main.storyboard */; };
		B30114451CF8927600233B01 /* Assets.xcassets in Resources */ = {isa = PBXBuildFile; fileRef = B30114441CF8927600233B01 /* Assets.xcassets */; };
		B30114481CF8927600233B01 /* LaunchScreen.storyboard in Resources */ = {isa = PBXBuildFile; fileRef = B30114461CF8927600233B01 /* LaunchScreen.storyboard */; };
		B30114531CF8927600233B01 /* ClassesInSwiftTests.swift in Sources */ = {isa = PBXBuildFile; fileRef = B30114521CF8927600233B01 /* ClassesInSwiftTests.swift */; };
		B30114601CF8929600233B01 /* Overview.swift in Sources */ = {isa = PBXBuildFile; fileRef = B301145D1CF8929600233B01 /* Overview.swift */; };
		B30114611CF8929600233B01 /* Vehicle.swift in Sources */ = {isa = PBXBuildFile; fileRef = B301145E1CF8929600233B01 /* Vehicle.swift */; };
		B30114621CF8929600233B01 /* VehicleInfoManager.swift in Sources */ = {isa = PBXBuildFile; fileRef = B301145F1CF8929600233B01 /* VehicleInfoManager.swift */; };
		B30114641CF893CC00233B01 /* Car.swift in Sources */ = {isa = PBXBuildFile; fileRef = B30114631CF893CC00233B01 /* Car.swift */; };
/* End PBXBuildFile section */

/* Begin PBXContainerItemProxy section */
		B301144F1CF8927600233B01 /* PBXContainerItemProxy */ = {
			isa = PBXContainerItemProxy;
			containerPortal = B30114321CF8927600233B01 /* Project object */;
			proxyType = 1;
			remoteGlobalIDString = B30114391CF8927600233B01;
			remoteInfo = ClassesInSwift;
		};
/* End PBXContainerItemProxy section */

/* Begin PBXFileReference section */
		B301143A1CF8927600233B01 /* ClassesInSwift.app */ = {isa = PBXFileReference; explicitFileType = wrapper.application; includeInIndex = 0; path = ClassesInSwift.app; sourceTree = BUILT_PRODUCTS_DIR; };
		B301143D1CF8927600233B01 /* AppDelegate.swift */ = {isa = PBXFileReference; lastKnownFileType = sourcecode.swift; path = AppDelegate.swift; sourceTree = "<group>"; };
		B301143F1CF8927600233B01 /* ViewController.swift */ = {isa = PBXFileReference; lastKnownFileType = sourcecode.swift; path = ViewController.swift; sourceTree = "<group>"; };
		B30114421CF8927600233B01 /* Base */ = {isa = PBXFileReference; lastKnownFileType = file.storyboard; name = Base; path = Base.lproj/Main.storyboard; sourceTree = "<group>"; };
		B30114441CF8927600233B01 /* Assets.xcassets */ = {isa = PBXFileReference; lastKnownFileType = folder.assetcatalog; path = Assets.xcassets; sourceTree = "<group>"; };
		B30114471CF8927600233B01 /* Base */ = {isa = PBXFileReference; lastKnownFileType = file.storyboard; name = Base; path = Base.lproj/LaunchScreen.storyboard; sourceTree = "<group>"; };
		B30114491CF8927600233B01 /* Info.plist */ = {isa = PBXFileReference; lastKnownFileType = text.plist.xml; path = Info.plist; sourceTree = "<group>"; };
		B301144E1CF8927600233B01 /* ClassesInSwiftTests.xctest */ = {isa = PBXFileReference; explicitFileType = wrapper.cfbundle; includeInIndex = 0; path = ClassesInSwiftTests.xctest; sourceTree = BUILT_PRODUCTS_DIR; };
		B30114521CF8927600233B01 /* ClassesInSwiftTests.swift */ = {isa = PBXFileReference; lastKnownFileType = sourcecode.swift; path = ClassesInSwiftTests.swift; sourceTree = "<group>"; };
		B30114541CF8927600233B01 /* Info.plist */ = {isa = PBXFileReference; lastKnownFileType = text.plist.xml; path = Info.plist; sourceTree = "<group>"; };
		B301145D1CF8929600233B01 /* Overview.swift */ = {isa = PBXFileReference; fileEncoding = 4; lastKnownFileType = sourcecode.swift; path = Overview.swift; sourceTree = "<group>"; };
		B301145E1CF8929600233B01 /* Vehicle.swift */ = {isa = PBXFileReference; fileEncoding = 4; lastKnownFileType = sourcecode.swift; path = Vehicle.swift; sourceTree = "<group>"; };
		B301145F1CF8929600233B01 /* VehicleInfoManager.swift */ = {isa = PBXFileReference; fileEncoding = 4; lastKnownFileType = sourcecode.swift; path = VehicleInfoManager.swift; sourceTree = "<group>"; };
		B30114631CF893CC00233B01 /* Car.swift */ = {isa = PBXFileReference; fileEncoding = 4; lastKnownFileType = sourcecode.swift; path = Car.swift; sourceTree = "<group>"; };
/* End PBXFileReference section */

/* Begin PBXFrameworksBuildPhase section */
		B30114371CF8927600233B01 /* Frameworks */ = {
			isa = PBXFrameworksBuildPhase;
			buildActionMask = 2147483647;
			files = (
			);
			runOnlyForDeploymentPostprocessing = 0;
		};
		B301144B1CF8927600233B01 /* Frameworks */ = {
			isa = PBXFrameworksBuildPhase;
			buildActionMask = 2147483647;
			files = (
			);
			runOnlyForDeploymentPostprocessing = 0;
		};
/* End PBXFrameworksBuildPhase section */

/* Begin PBXGroup section */
		B30114311CF8927600233B01 = {
			isa = PBXGroup;
			children = (
				B301143C1CF8927600233B01 /* ClassesInSwift */,
				B30114511CF8927600233B01 /* ClassesInSwiftTests */,
				B301143B1CF8927600233B01 /* Products */,
			);
			sourceTree = "<group>";
		};
		B301143B1CF8927600233B01 /* Products */ = {
			isa = PBXGroup;
			children = (
				B301143A1CF8927600233B01 /* ClassesInSwift.app */,
				B301144E1CF8927600233B01 /* ClassesInSwiftTests.xctest */,
			);
			name = Products;
			sourceTree = "<group>";
		};
		B301143C1CF8927600233B01 /* ClassesInSwift */ = {
			isa = PBXGroup;
			children = (
				B301145D1CF8929600233B01 /* Overview.swift */,
				B301145E1CF8929600233B01 /* Vehicle.swift */,
				B301145F1CF8929600233B01 /* VehicleInfoManager.swift */,
				B30114631CF893CC00233B01 /* Car.swift */,
				B301143D1CF8927600233B01 /* AppDelegate.swift */,
				B301143F1CF8927600233B01 /* ViewController.swift */,
				B30114411CF8927600233B01 /* Main.storyboard */,
				B30114441CF8927600233B01 /* Assets.xcassets */,
				B30114461CF8927600233B01 /* LaunchScreen.storyboard */,
				B30114491CF8927600233B01 /* Info.plist */,
			);
			path = ClassesInSwift;
			sourceTree = "<group>";
		};
		B30114511CF8927600233B01 /* ClassesInSwiftTests */ = {
			isa = PBXGroup;
			children = (
				B30114521CF8927600233B01 /* ClassesInSwiftTests.swift */,
				B30114541CF8927600233B01 /* Info.plist */,
			);
			path = ClassesInSwiftTests;
			sourceTree = "<group>";
		};
/* End PBXGroup section */

/* Begin PBXNativeTarget section */
		B30114391CF8927600233B01 /* ClassesInSwift */ = {
			isa = PBXNativeTarget;
			buildConfigurationList = B30114571CF8927600233B01 /* Build configuration list for PBXNativeTarget "ClassesInSwift" */;
			buildPhases = (
				B30114361CF8927600233B01 /* Sources */,
				B30114371CF8927600233B01 /* Frameworks */,
				B30114381CF8927600233B01 /* Resources */,
			);
			buildRules = (
			);
			dependencies = (
			);
			name = ClassesInSwift;
			productName = ClassesInSwift;
			productReference = B301143A1CF8927600233B01 /* ClassesInSwift.app */;
			productType = "com.apple.product-type.application";
		};
		B301144D1CF8927600233B01 /* ClassesInSwiftTests */ = {
			isa = PBXNativeTarget;
			buildConfigurationList = B301145A1CF8927600233B01 /* Build configuration list for PBXNativeTarget "ClassesInSwiftTests" */;
			buildPhases = (
				B301144A1CF8927600233B01 /* Sources */,
				B301144B1CF8927600233B01 /* Frameworks */,
				B301144C1CF8927600233B01 /* Resources */,
			);
			buildRules = (
			);
			dependencies = (
				B30114501CF8927600233B01 /* PBXTargetDependency */,
			);
			name = ClassesInSwiftTests;
			productName = ClassesInSwiftTests;
			productReference = B301144E1CF8927600233B01 /* ClassesInSwiftTests.xctest */;
			productType = "com.apple.product-type.bundle.unit-test";
		};
/* End PBXNativeTarget section */

/* Begin PBXProject section */
		B30114321CF8927600233B01 /* Project object */ = {
			isa = PBXProject;
			attributes = {
				LastSwiftUpdateCheck = 0730;
				LastUpgradeCheck = 0730;
				ORGANIZATIONNAME = "Ezekiel Abuhoff";
				TargetAttributes = {
					B30114391CF8927600233B01 = {
						CreatedOnToolsVersion = 7.3.1;
					};
					B301144D1CF8927600233B01 = {
						CreatedOnToolsVersion = 7.3.1;
						TestTargetID = B30114391CF8927600233B01;
					};
				};
			};
			buildConfigurationList = B30114351CF8927600233B01 /* Build configuration list for PBXProject "ClassesInSwift" */;
			compatibilityVersion = "Xcode 3.2";
			developmentRegion = English;
			hasScannedForEncodings = 0;
			knownRegions = (
				en,
				Base,
			);
			mainGroup = B30114311CF8927600233B01;
			productRefGroup = B301143B1CF8927600233B01 /* Products */;
			projectDirPath = "";
			projectRoot = "";
			targets = (
				B30114391CF8927600233B01 /* ClassesInSwift */,
				B301144D1CF8927600233B01 /* ClassesInSwiftTests */,
			);
		};
/* End PBXProject section */

/* Begin PBXResourcesBuildPhase section */
		B30114381CF8927600233B01 /* Resources */ = {
			isa = PBXResourcesBuildPhase;
			buildActionMask = 2147483647;
			files = (
				B30114481CF8927600233B01 /* LaunchScreen.storyboard in Resources */,
				B30114451CF8927600233B01 /* Assets.xcassets in Resources */,
				B30114431CF8927600233B01 /* Main.storyboard in Resources */,
			);
			runOnlyForDeploymentPostprocessing = 0;
		};
		B301144C1CF8927600233B01 /* Resources */ = {
			isa = PBXResourcesBuildPhase;
			buildActionMask = 2147483647;
			files = (
			);
			runOnlyForDeploymentPostprocessing = 0;
		};
/* End PBXResourcesBuildPhase section */

/* Begin PBXSourcesBuildPhase section */
		B30114361CF8927600233B01 /* Sources */ = {
			isa = PBXSourcesBuildPhase;
			buildActionMask = 2147483647;
			files = (
				B30114611CF8929600233B01 /* Vehicle.swift in Sources */,
				B30114601CF8929600233B01 /* Overview.swift in Sources */,
				B30114641CF893CC00233B01 /* Car.swift in Sources */,
				B30114401CF8927600233B01 /* ViewController.swift in Sources */,
				B30114621CF8929600233B01 /* VehicleInfoManager.swift in Sources */,
				B301143E1CF8927600233B01 /* AppDelegate.swift in Sources */,
			);
			runOnlyForDeploymentPostprocessing = 0;
		};
		B301144A1CF8927600233B01 /* Sources */ = {
			isa = PBXSourcesBuildPhase;
			buildActionMask = 2147483647;
			files = (
				B30114531CF8927600233B01 /* ClassesInSwiftTests.swift in Sources */,
			);
			runOnlyForDeploymentPostprocessing = 0;
		};
/* End PBXSourcesBuildPhase section */

/* Begin PBXTargetDependency section */
		B30114501CF8927600233B01 /* PBXTargetDependency */ = {
			isa = PBXTargetDependency;
			target = B30114391CF8927600233B01 /* ClassesInSwift */;
			targetProxy = B301144F1CF8927600233B01 /* PBXContainerItemProxy */;
		};
/* End PBXTargetDependency section */

/* Begin PBXVariantGroup section */
		B30114411CF8927600233B01 /* Main.storyboard */ = {
			isa = PBXVariantGroup;
			children = (
				B30114421CF8927600233B01 /* Base */,
			);
			name = Main.storyboard;
			sourceTree = "<group>";
		};
		B30114461CF8927600233B01 /* LaunchScreen.storyboard */ = {
			isa = PBXVariantGroup;
			children = (
				B30114471CF8927600233B01 /* Base */,
			);
			name = LaunchScreen.storyboard;
			sourceTree = "<group>";
		};
/* End PBXVariantGroup section */

/* Begin XCBuildConfiguration section */
		B30114551CF8927600233B01 /* Debug */ = {
			isa = XCBuildConfiguration;
			buildSettings = {
				ALWAYS_SEARCH_USER_PATHS = NO;
				CLANG_ANALYZER_NONNULL = YES;
				CLANG_CXX_LANGUAGE_STANDARD = "gnu++0x";
				CLANG_CXX_LIBRARY = "libc++";
				CLANG_ENABLE_MODULES = YES;
				CLANG_ENABLE_OBJC_ARC = YES;
				CLANG_WARN_BOOL_CONVERSION = YES;
				CLANG_WARN_CONSTANT_CONVERSION = YES;
				CLANG_WARN_DIRECT_OBJC_ISA_USAGE = YES_ERROR;
				CLANG_WARN_EMPTY_BODY = YES;
				CLANG_WARN_ENUM_CONVERSION = YES;
				CLANG_WARN_INT_CONVERSION = YES;
				CLANG_WARN_OBJC_ROOT_CLASS = YES_ERROR;
				CLANG_WARN_UNREACHABLE_CODE = YES;
				CLANG_WARN__DUPLICATE_METHOD_MATCH = YES;
				"CODE_SIGN_IDENTITY[sdk=iphoneos*]" = "iPhone Developer";
				COPY_PHASE_STRIP = NO;
				DEBUG_INFORMATION_FORMAT = dwarf;
				ENABLE_STRICT_OBJC_MSGSEND = YES;
				ENABLE_TESTABILITY = YES;
				GCC_C_LANGUAGE_STANDARD = gnu99;
				GCC_DYNAMIC_NO_PIC = NO;
				GCC_NO_COMMON_BLOCKS = YES;
				GCC_OPTIMIZATION_LEVEL = 0;
				GCC_PREPROCESSOR_DEFINITIONS = (
					"DEBUG=1",
					"$(inherited)",
				);
				GCC_WARN_64_TO_32_BIT_CONVERSION = YES;
				GCC_WARN_ABOUT_RETURN_TYPE = YES_ERROR;
				GCC_WARN_UNDECLARED_SELECTOR = YES;
				GCC_WARN_UNINITIALIZED_AUTOS = YES_AGGRESSIVE;
				GCC_WARN_UNUSED_FUNCTION = YES;
				GCC_WARN_UNUSED_VARIABLE = YES;
				IPHONEOS_DEPLOYMENT_TARGET = 9.3;
				MTL_ENABLE_DEBUG_INFO = YES;
				ONLY_ACTIVE_ARCH = YES;
				SDKROOT = iphoneos;
				SWIFT_OPTIMIZATION_LEVEL = "-Onone";
				TARGETED_DEVICE_FAMILY = "1,2";
			};
			name = Debug;
		};
		B30114561CF8927600233B01 /* Release */ = {
			isa = XCBuildConfiguration;
			buildSettings = {
				ALWAYS_SEARCH_USER_PATHS = NO;
				CLANG_ANALYZER_NONNULL = YES;
				CLANG_CXX_LANGUAGE_STANDARD = "gnu++0x";
				CLANG_CXX_LIBRARY = "libc++";
				CLANG_ENABLE_MODULES = YES;
				CLANG_ENABLE_OBJC_ARC = YES;
				CLANG_WARN_BOOL_CONVERSION = YES;
				CLANG_WARN_CONSTANT_CONVERSION = YES;
				CLANG_WARN_DIRECT_OBJC_ISA_USAGE = YES_ERROR;
				CLANG_WARN_EMPTY_BODY = YES;
				CLANG_WARN_ENUM_CONVERSION = YES;
				CLANG_WARN_INT_CONVERSION = YES;
				CLANG_WARN_OBJC_ROOT_CLASS = YES_ERROR;
				CLANG_WARN_UNREACHABLE_CODE = YES;
				CLANG_WARN__DUPLICATE_METHOD_MATCH = YES;
				"CODE_SIGN_IDENTITY[sdk=iphoneos*]" = "iPhone Developer";
				COPY_PHASE_STRIP = NO;
				DEBUG_INFORMATION_FORMAT = "dwarf-with-dsym";
				ENABLE_NS_ASSERTIONS = NO;
				ENABLE_STRICT_OBJC_MSGSEND = YES;
				GCC_C_LANGUAGE_STANDARD = gnu99;
				GCC_NO_COMMON_BLOCKS = YES;
				GCC_WARN_64_TO_32_BIT_CONVERSION = YES;
				GCC_WARN_ABOUT_RETURN_TYPE = YES_ERROR;
				GCC_WARN_UNDECLARED_SELECTOR = YES;
				GCC_WARN_UNINITIALIZED_AUTOS = YES_AGGRESSIVE;
				GCC_WARN_UNUSED_FUNCTION = YES;
				GCC_WARN_UNUSED_VARIABLE = YES;
				IPHONEOS_DEPLOYMENT_TARGET = 9.3;
				MTL_ENABLE_DEBUG_INFO = NO;
				SDKROOT = iphoneos;
				TARGETED_DEVICE_FAMILY = "1,2";
				VALIDATE_PRODUCT = YES;
			};
			name = Release;
		};
		B30114581CF8927600233B01 /* Debug */ = {
			isa = XCBuildConfiguration;
			buildSettings = {
				ASSETCATALOG_COMPILER_APPICON_NAME = AppIcon;
				INFOPLIST_FILE = ClassesInSwift/Info.plist;
				LD_RUNPATH_SEARCH_PATHS = "$(inherited) @executable_path/Frameworks";
				PRODUCT_BUNDLE_IDENTIFIER = com.Lonesome.ClassesInSwift;
				PRODUCT_NAME = "$(TARGET_NAME)";
			};
			name = Debug;
		};
		B30114591CF8927600233B01 /* Release */ = {
			isa = XCBuildConfiguration;
			buildSettings = {
				ASSETCATALOG_COMPILER_APPICON_NAME = AppIcon;
				INFOPLIST_FILE = ClassesInSwift/Info.plist;
				LD_RUNPATH_SEARCH_PATHS = "$(inherited) @executable_path/Frameworks";
				PRODUCT_BUNDLE_IDENTIFIER = com.Lonesome.ClassesInSwift;
				PRODUCT_NAME = "$(TARGET_NAME)";
			};
			name = Release;
		};
		B301145B1CF8927600233B01 /* Debug */ = {
			isa = XCBuildConfiguration;
			buildSettings = {
				BUNDLE_LOADER = "$(TEST_HOST)";
				INFOPLIST_FILE = ClassesInSwiftTests/Info.plist;
				LD_RUNPATH_SEARCH_PATHS = "$(inherited) @executable_path/Frameworks @loader_path/Frameworks";
				PRODUCT_BUNDLE_IDENTIFIER = com.Lonesome.ClassesInSwiftTests;
				PRODUCT_NAME = "$(TARGET_NAME)";
				TEST_HOST = "$(BUILT_PRODUCTS_DIR)/ClassesInSwift.app/ClassesInSwift";
			};
			name = Debug;
		};
		B301145C1CF8927600233B01 /* Release */ = {
			isa = XCBuildConfiguration;
			buildSettings = {
				BUNDLE_LOADER = "$(TEST_HOST)";
				INFOPLIST_FILE = ClassesInSwiftTests/Info.plist;
				LD_RUNPATH_SEARCH_PATHS = "$(inherited) @executable_path/Frameworks @loader_path/Frameworks";
				PRODUCT_BUNDLE_IDENTIFIER = com.Lonesome.ClassesInSwiftTests;
				PRODUCT_NAME = "$(TARGET_NAME)";
				TEST_HOST = "$(BUILT_PRODUCTS_DIR)/ClassesInSwift.app/ClassesInSwift";
			};
			name = Release;
		};
/* End XCBuildConfiguration section */

/* Begin XCConfigurationList section */
		B30114351CF8927600233B01 /* Build configuration list for PBXProject "ClassesInSwift" */ = {
			isa = XCConfigurationList;
			buildConfigurations = (
				B30114551CF8927600233B01 /* Debug */,
				B30114561CF8927600233B01 /* Release */,
			);
			defaultConfigurationIsVisible = 0;
			defaultConfigurationName = Release;
		};
		B30114571CF8927600233B01 /* Build configuration list for PBXNativeTarget "ClassesInSwift" */ = {
			isa = XCConfigurationList;
			buildConfigurations = (
				B30114581CF8927600233B01 /* Debug */,
				B30114591CF8927600233B01 /* Release */,
			);
			defaultConfigurationIsVisible = 0;
		};
		B301145A1CF8927600233B01 /* Build configuration list for PBXNativeTarget "ClassesInSwiftTests" */ = {
			isa = XCConfigurationList;
			buildConfigurations = (
				B301145B1CF8927600233B01 /* Debug */,
				B301145C1CF8927600233B01 /* Release */,
			);
			defaultConfigurationIsVisible = 0;
		};
/* End XCConfigurationList section */
	};
	rootObject = B30114321CF8927600233B01 /* Project object */;
}
